# This file is automatically @generated by Cargo.
# It is not intended for manual editing.
version = 4

[[package]]
name = "aether"
version = "1.0.0"
dependencies = [
 "bulletformat",
 "smallvec",
]

[[package]]
name = "bulletformat"
version = "1.8.0"
source = "git+https://github.com/jw1912/bulletformat#cb6a3602d70b0b6c3abc88fb876810a7bdf0b428"

[[package]]
name = "smallvec"
version = "1.15.1"
source = "registry+https://github.com/rust-lang/crates.io-index"
checksum = "67b1b7a3b5fe4f1376887184045fcf45c69e92af734b7aaddc05fb777b6fbd03"
